# This file is autogenerated, do not edit; changes may be undone by the next 'dep ensure'.


[[projects]]
  name = "github.com/golang/protobuf"
  packages = ["proto"]
  revision = "2bc9827a78f95c6665b5fe0abd1fd66b496ae2d8"

[[projects]]
  name = "github.com/google/go-github"
  packages = ["github"]
  revision = "54943985871d3b59053804af48b8347a3c232938"

[[projects]]
  branch = "master"
  name = "github.com/google/go-querystring"
  packages = ["query"]
  revision = "9235644dd9e52eeae6fa48efd539fdc351a0af53"

[[projects]]
  name = "github.com/pkg/errors"
  packages = ["."]
  revision = "248dadf4e9068a0b3e79f02ed0a610d935de5302"

[[projects]]
  name = "github.com/spf13/pflag"
  packages = ["."]
  revision = "5ccb023bc27df288a957c5e994cd44fd19619465"

[[projects]]
  branch = "master"
  name = "golang.org/x/net"
  packages = ["context"]
  revision = "b4690f45fa1cafc47b1c280c2e75116efe40cc13"

[[projects]]
  name = "golang.org/x/oauth2"
  packages = [".","internal"]
  revision = "36bc61733fc9aafc59f010d5e6bfefb63b007fd7"

[[projects]]
  name = "google.golang.org/appengine"
  packages = ["internal","internal/base","internal/datastore","internal/log","internal/remote_api","internal/urlfetch","urlfetch"]
  revision = "46239ca616842c00f41b8cbc6bbf2bd6ffbfcdad"

[solve-meta]
  analyzer-name = "dep"
  analyzer-version = 1
  inputs-digest = "492aba843a3606e25a1dd730a676b2316e0b232785b4d654b4588c4c69bc3eb2"
  solver-name = "gps-cdcl"
  solver-version = 1
